// !$*UTF8*$!
{
	archiveVersion = 1;
	classes = {
	};
	objectVersion = 56;
	objects = {

/* Begin PBXBuildFile section */
		99C8690F2B93C50C0001F599 /* ContentView.swift in Sources */ = {isa = PBXBuildFile; fileRef = 99C8690E2B93C50C0001F599 /* ContentView.swift */; };
		99C869112B93C5170001F599 /* SettingsView.swift in Sources */ = {isa = PBXBuildFile; fileRef = 99C869102B93C5170001F599 /* SettingsView.swift */; };
		99C869132B93C51E0001F599 /* HistoryView.swift in Sources */ = {isa = PBXBuildFile; fileRef = 99C869122B93C51E0001F599 /* HistoryView.swift */; };
		99EE95FE2B8F5A6C0017FE99 /* RealityKitContent in Frameworks */ = {isa = PBXBuildFile; productRef = 99EE95FD2B8F5A6C0017FE99 /* RealityKitContent */; };
		99EE96002B8F5A6C0017FE99 /* RandomizeApp.swift in Sources */ = {isa = PBXBuildFile; fileRef = 99EE95FF2B8F5A6C0017FE99 /* RandomizeApp.swift */; };
		99EE96022B8F5A6C0017FE99 /* RandomView.swift in Sources */ = {isa = PBXBuildFile; fileRef = 99EE96012B8F5A6C0017FE99 /* RandomView.swift */; };
		99EE96042B8F5A6E0017FE99 /* Assets.xcassets in Resources */ = {isa = PBXBuildFile; fileRef = 99EE96032B8F5A6E0017FE99 /* Assets.xcassets */; };
		99EE96072B8F5A6E0017FE99 /* Preview Assets.xcassets in Resources */ = {isa = PBXBuildFile; fileRef = 99EE96062B8F5A6E0017FE99 /* Preview Assets.xcassets */; };
/* End PBXBuildFile section */

/* Begin PBXFileReference section */
		99C8690E2B93C50C0001F599 /* ContentView.swift */ = {isa = PBXFileReference; lastKnownFileType = sourcecode.swift; path = ContentView.swift; sourceTree = "<group>"; };
		99C869102B93C5170001F599 /* SettingsView.swift */ = {isa = PBXFileReference; lastKnownFileType = sourcecode.swift; path = SettingsView.swift; sourceTree = "<group>"; };
		99C869122B93C51E0001F599 /* HistoryView.swift */ = {isa = PBXFileReference; lastKnownFileType = sourcecode.swift; path = HistoryView.swift; sourceTree = "<group>"; };
		99EE95F82B8F5A6C0017FE99 /* Randomize.app */ = {isa = PBXFileReference; explicitFileType = wrapper.application; includeInIndex = 0; path = Randomize.app; sourceTree = BUILT_PRODUCTS_DIR; };
		99EE95FC2B8F5A6C0017FE99 /* RealityKitContent */ = {isa = PBXFileReference; lastKnownFileType = wrapper; path = RealityKitContent; sourceTree = "<group>"; };
		99EE95FF2B8F5A6C0017FE99 /* RandomizeApp.swift */ = {isa = PBXFileReference; lastKnownFileType = sourcecode.swift; path = RandomizeApp.swift; sourceTree = "<group>"; };
		99EE96012B8F5A6C0017FE99 /* RandomView.swift */ = {isa = PBXFileReference; lastKnownFileType = sourcecode.swift; path = RandomView.swift; sourceTree = "<group>"; };
		99EE96032B8F5A6E0017FE99 /* Assets.xcassets */ = {isa = PBXFileReference; lastKnownFileType = folder.assetcatalog; path = Assets.xcassets; sourceTree = "<group>"; };
		99EE96062B8F5A6E0017FE99 /* Preview Assets.xcassets */ = {isa = PBXFileReference; lastKnownFileType = folder.assetcatalog; path = "Preview Assets.xcassets"; sourceTree = "<group>"; };
		99EE96082B8F5A6E0017FE99 /* Info.plist */ = {isa = PBXFileReference; lastKnownFileType = text.plist.xml; path = Info.plist; sourceTree = "<group>"; };
/* End PBXFileReference section */

/* Begin PBXFrameworksBuildPhase section */
		99EE95F52B8F5A6C0017FE99 /* Frameworks */ = {
			isa = PBXFrameworksBuildPhase;
			buildActionMask = 2147483647;
			files = (
				99EE95FE2B8F5A6C0017FE99 /* RealityKitContent in Frameworks */,
			);
			runOnlyForDeploymentPostprocessing = 0;
		};
/* End PBXFrameworksBuildPhase section */

/* Begin PBXGroup section */
		99EE95EF2B8F5A6C0017FE99 = {
			isa = PBXGroup;
			children = (
				99EE95FA2B8F5A6C0017FE99 /* Randomize */,
				99EE95FB2B8F5A6C0017FE99 /* Packages */,
				99EE95F92B8F5A6C0017FE99 /* Products */,
			);
			sourceTree = "<group>";
		};
		99EE95F92B8F5A6C0017FE99 /* Products */ = {
			isa = PBXGroup;
			children = (
				99EE95F82B8F5A6C0017FE99 /* Randomize.app */,
			);
			name = Products;
			sourceTree = "<group>";
		};
		99EE95FA2B8F5A6C0017FE99 /* Randomize */ = {
			isa = PBXGroup;
			children = (
				99EE95FF2B8F5A6C0017FE99 /* RandomizeApp.swift */,
				99C8690E2B93C50C0001F599 /* ContentView.swift */,
				99EE96012B8F5A6C0017FE99 /* RandomView.swift */,
				99C869102B93C5170001F599 /* SettingsView.swift */,
				99C869122B93C51E0001F599 /* HistoryView.swift */,
				99EE96032B8F5A6E0017FE99 /* Assets.xcassets */,
				99EE96082B8F5A6E0017FE99 /* Info.plist */,
				99EE96052B8F5A6E0017FE99 /* Preview Content */,
			);
			path = Randomize;
			sourceTree = "<group>";
		};
		99EE95FB2B8F5A6C0017FE99 /* Packages */ = {
			isa = PBXGroup;
			children = (
				99EE95FC2B8F5A6C0017FE99 /* RealityKitContent */,
			);
			path = Packages;
			sourceTree = "<group>";
		};
		99EE96052B8F5A6E0017FE99 /* Preview Content */ = {
			isa = PBXGroup;
			children = (
				99EE96062B8F5A6E0017FE99 /* Preview Assets.xcassets */,
			);
			path = "Preview Content";
			sourceTree = "<group>";
		};
/* End PBXGroup section */

/* Begin PBXNativeTarget section */
		99EE95F72B8F5A6C0017FE99 /* Randomize */ = {
			isa = PBXNativeTarget;
			buildConfigurationList = 99EE960B2B8F5A6E0017FE99 /* Build configuration list for PBXNativeTarget "Randomize" */;
			buildPhases = (
				99EE95F42B8F5A6C0017FE99 /* Sources */,
				99EE95F52B8F5A6C0017FE99 /* Frameworks */,
				99EE95F62B8F5A6C0017FE99 /* Resources */,
			);
			buildRules = (
			);
			dependencies = (
			);
			name = Randomize;
			packageProductDependencies = (
				99EE95FD2B8F5A6C0017FE99 /* RealityKitContent */,
			);
			productName = Randomize;
			productReference = 99EE95F82B8F5A6C0017FE99 /* Randomize.app */;
			productType = "com.apple.product-type.application";
		};
/* End PBXNativeTarget section */

/* Begin PBXProject section */
		99EE95F02B8F5A6C0017FE99 /* Project object */ = {
			isa = PBXProject;
			attributes = {
				BuildIndependentTargetsInParallel = 1;
				LastSwiftUpdateCheck = 1520;
				LastUpgradeCheck = 1520;
				TargetAttributes = {
					99EE95F72B8F5A6C0017FE99 = {
						CreatedOnToolsVersion = 15.2;
					};
				};
			};
			buildConfigurationList = 99EE95F32B8F5A6C0017FE99 /* Build configuration list for PBXProject "Randomize" */;
			compatibilityVersion = "Xcode 14.0";
			developmentRegion = en;
			hasScannedForEncodings = 0;
			knownRegions = (
				en,
				Base,
			);
			mainGroup = 99EE95EF2B8F5A6C0017FE99;
			productRefGroup = 99EE95F92B8F5A6C0017FE99 /* Products */;
			projectDirPath = "";
			projectRoot = "";
			targets = (
				99EE95F72B8F5A6C0017FE99 /* Randomize */,
			);
		};
/* End PBXProject section */

/* Begin PBXResourcesBuildPhase section */
		99EE95F62B8F5A6C0017FE99 /* Resources */ = {
			isa = PBXResourcesBuildPhase;
			buildActionMask = 2147483647;
			files = (
				99EE96072B8F5A6E0017FE99 /* Preview Assets.xcassets in Resources */,
				99EE96042B8F5A6E0017FE99 /* Assets.xcassets in Resources */,
			);
			runOnlyForDeploymentPostprocessing = 0;
		};
/* End PBXResourcesBuildPhase section */

/* Begin PBXSourcesBuildPhase section */
		99EE95F42B8F5A6C0017FE99 /* Sources */ = {
			isa = PBXSourcesBuildPhase;
			buildActionMask = 2147483647;
			files = (
				99EE96022B8F5A6C0017FE99 /* RandomView.swift in Sources */,
				99C869112B93C5170001F599 /* SettingsView.swift in Sources */,
				99C869132B93C51E0001F599 /* HistoryView.swift in Sources */,
				99EE96002B8F5A6C0017FE99 /* RandomizeApp.swift in Sources */,
				99C8690F2B93C50C0001F599 /* ContentView.swift in Sources */,
			);
			runOnlyForDeploymentPostprocessing = 0;
		};
/* End PBXSourcesBuildPhase section */

/* Begin XCBuildConfiguration section */
		99EE96092B8F5A6E0017FE99 /* Debug */ = {
			isa = XCBuildConfiguration;
			buildSettings = {
				ALWAYS_SEARCH_USER_PATHS = NO;
				ASSETCATALOG_COMPILER_GENERATE_SWIFT_ASSET_SYMBOL_EXTENSIONS = YES;
				CLANG_ANALYZER_NONNULL = YES;
				CLANG_ANALYZER_NUMBER_OBJECT_CONVERSION = YES_AGGRESSIVE;
				CLANG_CXX_LANGUAGE_STANDARD = "gnu++20";
				CLANG_ENABLE_MODULES = YES;
				CLANG_ENABLE_OBJC_ARC = YES;
				CLANG_ENABLE_OBJC_WEAK = YES;
				CLANG_WARN_BLOCK_CAPTURE_AUTORELEASING = YES;
				CLANG_WARN_BOOL_CONVERSION = YES;
				CLANG_WARN_COMMA = YES;
				CLANG_WARN_CONSTANT_CONVERSION = YES;
				CLANG_WARN_DEPRECATED_OBJC_IMPLEMENTATIONS = YES;
				CLANG_WARN_DIRECT_OBJC_ISA_USAGE = YES_ERROR;
				CLANG_WARN_DOCUMENTATION_COMMENTS = YES;
				CLANG_WARN_EMPTY_BODY = YES;
				CLANG_WARN_ENUM_CONVERSION = YES;
				CLANG_WARN_INFINITE_RECURSION = YES;
				CLANG_WARN_INT_CONVERSION = YES;
				CLANG_WARN_NON_LITERAL_NULL_CONVERSION = YES;
				CLANG_WARN_OBJC_IMPLICIT_RETAIN_SELF = YES;
				CLANG_WARN_OBJC_LITERAL_CONVERSION = YES;
				CLANG_WARN_OBJC_ROOT_CLASS = YES_ERROR;
				CLANG_WARN_QUOTED_INCLUDE_IN_FRAMEWORK_HEADER = YES;
				CLANG_WARN_RANGE_LOOP_ANALYSIS = YES;
				CLANG_WARN_STRICT_PROTOTYPES = YES;
				CLANG_WARN_SUSPICIOUS_MOVE = YES;
				CLANG_WARN_UNGUARDED_AVAILABILITY = YES_AGGRESSIVE;
				CLANG_WARN_UNREACHABLE_CODE = YES;
				CLANG_WARN__DUPLICATE_METHOD_MATCH = YES;
				COPY_PHASE_STRIP = NO;
				DEBUG_INFORMATION_FORMAT = dwarf;
				ENABLE_STRICT_OBJC_MSGSEND = YES;
				ENABLE_TESTABILITY = YES;
				ENABLE_USER_SCRIPT_SANDBOXING = YES;
				GCC_C_LANGUAGE_STANDARD = gnu17;
				GCC_DYNAMIC_NO_PIC = NO;
				GCC_NO_COMMON_BLOCKS = YES;
				GCC_OPTIMIZATION_LEVEL = 0;
				GCC_PREPROCESSOR_DEFINITIONS = (
					"DEBUG=1",
					"$(inherited)",
				);
				GCC_WARN_64_TO_32_BIT_CONVERSION = YES;
				GCC_WARN_ABOUT_RETURN_TYPE = YES_ERROR;
				GCC_WARN_UNDECLARED_SELECTOR = YES;
				GCC_WARN_UNINITIALIZED_AUTOS = YES_AGGRESSIVE;
				GCC_WARN_UNUSED_FUNCTION = YES;
				GCC_WARN_UNUSED_VARIABLE = YES;
				LOCALIZATION_PREFERS_STRING_CATALOGS = YES;
				MTL_ENABLE_DEBUG_INFO = INCLUDE_SOURCE;
				MTL_FAST_MATH = YES;
				ONLY_ACTIVE_ARCH = YES;
				SDKROOT = xros;
				SWIFT_ACTIVE_COMPILATION_CONDITIONS = "DEBUG $(inherited)";
				SWIFT_OPTIMIZATION_LEVEL = "-Onone";
				XROS_DEPLOYMENT_TARGET = 1.0;
			};
			name = Debug;
		};
		99EE960A2B8F5A6E0017FE99 /* Release */ = {
			isa = XCBuildConfiguration;
			buildSettings = {
				ALWAYS_SEARCH_USER_PATHS = NO;
				ASSETCATALOG_COMPILER_GENERATE_SWIFT_ASSET_SYMBOL_EXTENSIONS = YES;
				CLANG_ANALYZER_NONNULL = YES;
				CLANG_ANALYZER_NUMBER_OBJECT_CONVERSION = YES_AGGRESSIVE;
				CLANG_CXX_LANGUAGE_STANDARD = "gnu++20";
				CLANG_ENABLE_MODULES = YES;
				CLANG_ENABLE_OBJC_ARC = YES;
				CLANG_ENABLE_OBJC_WEAK = YES;
				CLANG_WARN_BLOCK_CAPTURE_AUTORELEASING = YES;
				CLANG_WARN_BOOL_CONVERSION = YES;
				CLANG_WARN_COMMA = YES;
				CLANG_WARN_CONSTANT_CONVERSION = YES;
				CLANG_WARN_DEPRECATED_OBJC_IMPLEMENTATIONS = YES;
				CLANG_WARN_DIRECT_OBJC_ISA_USAGE = YES_ERROR;
				CLANG_WARN_DOCUMENTATION_COMMENTS = YES;
				CLANG_WARN_EMPTY_BODY = YES;
				CLANG_WARN_ENUM_CONVERSION = YES;
				CLANG_WARN_INFINITE_RECURSION = YES;
				CLANG_WARN_INT_CONVERSION = YES;
				CLANG_WARN_NON_LITERAL_NULL_CONVERSION = YES;
				CLANG_WARN_OBJC_IMPLICIT_RETAIN_SELF = YES;
				CLANG_WARN_OBJC_LITERAL_CONVERSION = YES;
				CLANG_WARN_OBJC_ROOT_CLASS = YES_ERROR;
				CLANG_WARN_QUOTED_INCLUDE_IN_FRAMEWORK_HEADER = YES;
				CLANG_WARN_RANGE_LOOP_ANALYSIS = YES;
				CLANG_WARN_STRICT_PROTOTYPES = YES;
				CLANG_WARN_SUSPICIOUS_MOVE = YES;
				CLANG_WARN_UNGUARDED_AVAILABILITY = YES_AGGRESSIVE;
				CLANG_WARN_UNREACHABLE_CODE = YES;
				CLANG_WARN__DUPLICATE_METHOD_MATCH = YES;
				COPY_PHASE_STRIP = NO;
				DEBUG_INFORMATION_FORMAT = "dwarf-with-dsym";
				ENABLE_NS_ASSERTIONS = NO;
				ENABLE_STRICT_OBJC_MSGSEND = YES;
				ENABLE_USER_SCRIPT_SANDBOXING = YES;
				GCC_C_LANGUAGE_STANDARD = gnu17;
				GCC_NO_COMMON_BLOCKS = YES;
				GCC_WARN_64_TO_32_BIT_CONVERSION = YES;
				GCC_WARN_ABOUT_RETURN_TYPE = YES_ERROR;
				GCC_WARN_UNDECLARED_SELECTOR = YES;
				GCC_WARN_UNINITIALIZED_AUTOS = YES_AGGRESSIVE;
				GCC_WARN_UNUSED_FUNCTION = YES;
				GCC_WARN_UNUSED_VARIABLE = YES;
				LOCALIZATION_PREFERS_STRING_CATALOGS = YES;
				MTL_ENABLE_DEBUG_INFO = NO;
				MTL_FAST_MATH = YES;
				SDKROOT = xros;
				SWIFT_COMPILATION_MODE = wholemodule;
				VALIDATE_PRODUCT = YES;
				XROS_DEPLOYMENT_TARGET = 1.0;
			};
			name = Release;
		};
		99EE960C2B8F5A6E0017FE99 /* Debug */ = {
			isa = XCBuildConfiguration;
			buildSettings = {
				ASSETCATALOG_COMPILER_APPICON_NAME = AppIcon;
				ASSETCATALOG_COMPILER_GLOBAL_ACCENT_COLOR_NAME = AccentColor;
				CODE_SIGN_STYLE = Automatic;
				CURRENT_PROJECT_VERSION = 1;
				DEVELOPMENT_ASSET_PATHS = "\"Randomize/Preview Content\"";
				ENABLE_PREVIEWS = YES;
				GENERATE_INFOPLIST_FILE = YES;
				INFOPLIST_FILE = "$(TARGET_NAME)/Info.plist";
				LD_RUNPATH_SEARCH_PATHS = (
					"$(inherited)",
					"@executable_path/Frameworks",
				);
				MARKETING_VERSION = 1.0;
				PRODUCT_BUNDLE_IDENTIFIER = yavuzkaanakyuz.Randomize;
				PRODUCT_NAME = "$(TARGET_NAME)";
				SUPPORTED_PLATFORMS = "xros xrsimulator";
				SWIFT_EMIT_LOC_STRINGS = YES;
				SWIFT_VERSION = 5.0;
				TARGETED_DEVICE_FAMILY = "1,2,7";
			};
			name = Debug;
		};
		99EE960D2B8F5A6E0017FE99 /* Release */ = {
			isa = XCBuildConfiguration;
			buildSettings = {
				ASSETCATALOG_COMPILER_APPICON_NAME = AppIcon;
				ASSETCATALOG_COMPILER_GLOBAL_ACCENT_COLOR_NAME = AccentColor;
				CODE_SIGN_STYLE = Automatic;
				CURRENT_PROJECT_VERSION = 1;
				DEVELOPMENT_ASSET_PATHS = "\"Randomize/Preview Content\"";
				ENABLE_PREVIEWS = YES;
				GENERATE_INFOPLIST_FILE = YES;
				INFOPLIST_FILE = "$(TARGET_NAME)/Info.plist";
				LD_RUNPATH_SEARCH_PATHS = (
					"$(inherited)",
					"@executable_path/Frameworks",
				);
				MARKETING_VERSION = 1.0;
				PRODUCT_BUNDLE_IDENTIFIER = yavuzkaanakyuz.Randomize;
				PRODUCT_NAME = "$(TARGET_NAME)";
				SUPPORTED_PLATFORMS = "xros xrsimulator";
				SWIFT_EMIT_LOC_STRINGS = YES;
				SWIFT_VERSION = 5.0;
				TARGETED_DEVICE_FAMILY = "1,2,7";
			};
			name = Release;
		};
/* End XCBuildConfiguration section */

/* Begin XCConfigurationList section */
		99EE95F32B8F5A6C0017FE99 /* Build configuration list for PBXProject "Randomize" */ = {
			isa = XCConfigurationList;
			buildConfigurations = (
				99EE96092B8F5A6E0017FE99 /* Debug */,
				99EE960A2B8F5A6E0017FE99 /* Release */,
			);
			defaultConfigurationIsVisible = 0;
			defaultConfigurationName = Release;
		};
		99EE960B2B8F5A6E0017FE99 /* Build configuration list for PBXNativeTarget "Randomize" */ = {
			isa = XCConfigurationList;
			buildConfigurations = (
				99EE960C2B8F5A6E0017FE99 /* Debug */,
				99EE960D2B8F5A6E0017FE99 /* Release */,
			);
			defaultConfigurationIsVisible = 0;
			defaultConfigurationName = Release;
		};
/* End XCConfigurationList section */

/* Begin XCSwiftPackageProductDependency section */
		99EE95FD2B8F5A6C0017FE99 /* RealityKitContent */ = {
			isa = XCSwiftPackageProductDependency;
			productName = RealityKitContent;
		};
/* End XCSwiftPackageProductDependency section */
	};
	rootObject = 99EE95F02B8F5A6C0017FE99 /* Project object */;
}
